
Microsoft Visual Studio Solution File, Format Version 12.00
# Visual Studio Version 16
VisualStudioVersion = 25.0.1704.0
MinimumVisualStudioVersion = 10.0.40219.1
Project("{FAE04EC0-301F-11D3-BF4B-00C04F79EFBC}") = "WebApi", "WebApi.csproj", "{6DC6A4DE-53EE-4C2F-B16B-413FA76B729C}"
EndProject
Global
	GlobalSection(SolutionConfigurationPlatforms) = preSolution
		Debug|Any CPU = Debug|Any CPU
		Release|Any CPU = Release|Any CPU
	EndGlobalSection
	GlobalSection(ProjectConfigurationPlatforms) = postSolution
		{6DC6A4DE-53EE-4C2F-B16B-413FA76B729C}.Debug|Any CPU.ActiveCfg = Debug|Any CPU
		{6DC6A4DE-53EE-4C2F-B16B-413FA76B729C}.Debug|Any CPU.Build.0 = Debug|Any CPU
		{6DC6A4DE-53EE-4C2F-B16B-413FA76B729C}.Release|Any CPU.ActiveCfg = Release|Any CPU
		{6DC6A4DE-53EE-4C2F-B16B-413FA76B729C}.Release|Any CPU.Build.0 = Release|Any CPU
	EndGlobalSection
	GlobalSection(SolutionProperties) = preSolution
		HideSolutionNode = FALSE
	EndGlobalSection
	GlobalSection(ExtensibilityGlobals) = postSolution
		SolutionGuid = {74DC32CB-8D4E-4F2F-86D2-BA98050A5604}
	EndGlobalSection
EndGlobal
